{
  "version": 4,
  "terraform_version": "1.9.5",
  "serial": 10,
  "lineage": "da5bb46a-ca2b-c400-6d61-e3131aea2eea",
  "outputs": {},
  "resources": [
    {
      "mode": "managed",
      "type": "azurerm_resource_group",
      "name": "rodrigo-robot-t1-group",
      "provider": "provider[\"registry.terraform.io/hashicorp/azurerm\"]",
      "instances": [
        {
          "schema_version": 0,
          "attributes": {
            "id": "/subscriptions/250ae9c3-6c33-4030-b72a-ed22fce22920/resourceGroups/rodrigo-robot-t1-group",
            "location": "eastus2",
            "managed_by": "",
            "name": "rodrigo-robot-t1-group",
            "tags": null,
            "timeouts": null
          },
          "sensitive_attributes": [],
          "private": "eyJlMmJmYjczMC1lY2FhLTExZTYtOGY4OC0zNDM2M2JjN2M0YzAiOnsiY3JlYXRlIjo1NDAwMDAwMDAwMDAwLCJkZWxldGUiOjU0MDAwMDAwMDAwMDAsInJlYWQiOjMwMDAwMDAwMDAwMCwidXBkYXRlIjo1NDAwMDAwMDAwMDAwfX0="
        }
      ]
    },
    {
      "mode": "managed",
      "type": "azurerm_service_plan",
      "name": "rodrigo-robot-t1-sp",
      "provider": "provider[\"registry.terraform.io/hashicorp/azurerm\"]",
      "instances": [
        {
          "schema_version": 1,
          "attributes": {
            "app_service_environment_id": "",
            "id": "/subscriptions/250ae9c3-6c33-4030-b72a-ed22fce22920/resourceGroups/rodrigo-robot-t1-group/providers/Microsoft.Web/serverFarms/rodrigo-robot-t1-sp",
            "kind": "app",
            "location": "eastus2",
            "maximum_elastic_worker_count": 1,
            "name": "rodrigo-robot-t1-sp",
            "os_type": "Windows",
            "per_site_scaling_enabled": false,
            "reserved": false,
            "resource_group_name": "rodrigo-robot-t1-group",
            "sku_name": "S1",
            "tags": null,
            "timeouts": null,
            "worker_count": 1,
            "zone_balancing_enabled": false
          },
          "sensitive_attributes": [],
          "private": "eyJlMmJmYjczMC1lY2FhLTExZTYtOGY4OC0zNDM2M2JjN2M0YzAiOnsiY3JlYXRlIjozNjAwMDAwMDAwMDAwLCJkZWxldGUiOjM2MDAwMDAwMDAwMDAsInJlYWQiOjMwMDAwMDAwMDAwMCwidXBkYXRlIjozNjAwMDAwMDAwMDAwfSwic2NoZW1hX3ZlcnNpb24iOiIxIn0=",
          "dependencies": [
            "azurerm_resource_group.rodrigo-robot-t1-group"
          ]
        }
      ]
    },
    {
      "mode": "managed",
      "type": "azurerm_windows_web_app",
      "name": "rodrigo-robot-t1-app",
      "provider": "provider[\"registry.terraform.io/hashicorp/azurerm\"]",
      "instances": [
        {
          "schema_version": 1,
          "attributes": {
            "app_settings": null,
            "auth_settings": [],
            "auth_settings_v2": [],
            "backup": [],
            "client_affinity_enabled": false,
            "client_certificate_enabled": false,
            "client_certificate_exclusion_paths": "",
            "client_certificate_mode": "Required",
            "connection_string": [],
            "custom_domain_verification_id": "A20FD1DD24553625936AB5B41DE2EF7587D48487C39A0BACDD28821A1F09571F",
            "default_hostname": "rodrigo-robot-t1-app.azurewebsites.net",
            "enabled": true,
            "ftp_publish_basic_authentication_enabled": true,
            "hosting_environment_id": "",
            "https_only": false,
            "id": "/subscriptions/250ae9c3-6c33-4030-b72a-ed22fce22920/resourceGroups/rodrigo-robot-t1-group/providers/Microsoft.Web/sites/rodrigo-robot-t1-app",
            "identity": [],
            "key_vault_reference_identity_id": "SystemAssigned",
            "kind": "app",
            "location": "eastus2",
            "logs": [],
            "name": "rodrigo-robot-t1-app",
            "outbound_ip_address_list": [
              "20.22.88.46",
              "20.22.88.93",
              "20.22.88.132",
              "20.22.89.124",
              "20.22.89.254",
              "20.22.90.72",
              "20.119.128.13"
            ],
            "outbound_ip_addresses": "20.22.88.46,20.22.88.93,20.22.88.132,20.22.89.124,20.22.89.254,20.22.90.72,20.119.128.13",
            "possible_outbound_ip_address_list": [
              "20.22.88.46",
              "20.22.88.93",
              "20.22.88.132",
              "20.22.89.124",
              "20.22.89.254",
              "20.22.90.72",
              "20.22.90.139",
              "20.22.90.156",
              "20.22.90.180",
              "20.22.90.189",
              "20.22.91.41",
              "20.22.91.53",
              "20.22.91.119",
              "20.22.91.120",
              "20.22.91.133",
              "20.22.91.164",
              "20.22.92.46",
              "20.22.92.59",
              "20.22.92.69",
              "20.22.92.103",
              "20.22.92.124",
              "20.22.92.139",
              "20.22.93.96",
              "20.22.93.100",
              "20.22.93.134",
              "20.22.93.234",
              "20.22.93.236",
              "20.22.94.136",
              "20.22.94.191",
              "20.22.94.223",
              "20.119.128.13"
            ],
            "possible_outbound_ip_addresses": "20.22.88.46,20.22.88.93,20.22.88.132,20.22.89.124,20.22.89.254,20.22.90.72,20.22.90.139,20.22.90.156,20.22.90.180,20.22.90.189,20.22.91.41,20.22.91.53,20.22.91.119,20.22.91.120,20.22.91.133,20.22.91.164,20.22.92.46,20.22.92.59,20.22.92.69,20.22.92.103,20.22.92.124,20.22.92.139,20.22.93.96,20.22.93.100,20.22.93.134,20.22.93.234,20.22.93.236,20.22.94.136,20.22.94.191,20.22.94.223,20.119.128.13",
            "public_network_access_enabled": true,
            "resource_group_name": "rodrigo-robot-t1-group",
            "service_plan_id": "/subscriptions/250ae9c3-6c33-4030-b72a-ed22fce22920/resourceGroups/rodrigo-robot-t1-group/providers/Microsoft.Web/serverFarms/rodrigo-robot-t1-sp",
            "site_config": [
              {
                "always_on": false,
                "api_definition_url": "",
                "api_management_api_id": "",
                "app_command_line": "",
                "application_stack": [
                  {
                    "current_stack": "",
                    "docker_image_name": "",
                    "docker_registry_password": "",
                    "docker_registry_url": "",
                    "docker_registry_username": "",
                    "dotnet_core_version": "",
                    "dotnet_version": "v4.0",
                    "java_container": "",
                    "java_container_version": "",
                    "java_embedded_server_enabled": false,
                    "java_version": "",
                    "node_version": "",
                    "php_version": "5.6",
                    "python": false,
                    "tomcat_version": ""
                  }
                ],
                "auto_heal_setting": [],
                "container_registry_managed_identity_client_id": "",
                "container_registry_use_managed_identity": false,
                "cors": [],
                "default_documents": [
                  "Default.htm",
                  "Default.html",
                  "Default.asp",
                  "index.htm",
                  "index.html",
                  "iisstart.htm",
                  "default.aspx",
                  "index.php",
                  "hostingstart.html"
                ],
                "detailed_error_logging_enabled": false,
                "ftps_state": "Disabled",
                "handler_mapping": [],
                "health_check_eviction_time_in_min": 0,
                "health_check_path": "",
                "http2_enabled": false,
                "ip_restriction": [],
                "ip_restriction_default_action": "Allow",
                "linux_fx_version": "",
                "load_balancing_mode": "LeastRequests",
                "local_mysql_enabled": false,
                "managed_pipeline_mode": "Integrated",
                "minimum_tls_version": "1.2",
                "remote_debugging_enabled": false,
                "remote_debugging_version": "VS2022",
                "scm_ip_restriction": [],
                "scm_ip_restriction_default_action": "Allow",
                "scm_minimum_tls_version": "1.2",
                "scm_type": "None",
                "scm_use_main_ip_restriction": false,
                "use_32_bit_worker": true,
                "virtual_application": [],
                "vnet_route_all_enabled": false,
                "websockets_enabled": false,
                "windows_fx_version": "",
                "worker_count": 1
              }
            ],
            "site_credential": [
              {
                "name": "$rodrigo-robot-t1-app",
                "password": "hgrjrt5HKZB3Ew7vy7cJLSZos0893tsfNynpjTmsKQ4NHlHpSA3EKrHTclgQ"
              }
            ],
            "sticky_settings": [],
            "storage_account": [],
            "tags": null,
            "timeouts": null,
            "virtual_network_subnet_id": "",
            "webdeploy_publish_basic_authentication_enabled": true,
            "zip_deploy_file": ""
          },
          "sensitive_attributes": [
            [
              {
                "type": "get_attr",
                "value": "site_credential"
              }
            ],
            [
              {
                "type": "get_attr",
                "value": "site_config"
              },
              {
                "type": "index",
                "value": {
                  "value": 0,
                  "type": "number"
                }
              },
              {
                "type": "get_attr",
                "value": "application_stack"
              },
              {
                "type": "index",
                "value": {
                  "value": 0,
                  "type": "number"
                }
              },
              {
                "type": "get_attr",
                "value": "docker_registry_password"
              }
            ],
            [
              {
                "type": "get_attr",
                "value": "custom_domain_verification_id"
              }
            ]
          ],
          "private": "eyJlMmJmYjczMC1lY2FhLTExZTYtOGY4OC0zNDM2M2JjN2M0YzAiOnsiY3JlYXRlIjoxODAwMDAwMDAwMDAwLCJkZWxldGUiOjE4MDAwMDAwMDAwMDAsInJlYWQiOjMwMDAwMDAwMDAwMCwidXBkYXRlIjoxODAwMDAwMDAwMDAwfSwic2NoZW1hX3ZlcnNpb24iOiIxIn0=",
          "dependencies": [
            "azurerm_resource_group.rodrigo-robot-t1-group",
            "azurerm_service_plan.rodrigo-robot-t1-sp"
          ]
        }
      ]
    }
  ],
  "check_results": null
}
